
Microsoft Visual Studio Solution File, Format Version 12.00
# Visual Studio Version 16
VisualStudioVersion = 16.0.31205.134
MinimumVisualStudioVersion = 10.0.40219.1
Project("{FAE04EC0-301F-11D3-BF4B-00C04F79EFBC}") = "RPAK2L.Program", "RPAK2L.Program\RPAK2L.Program.csproj", "{2D33542B-4D4F-49C7-A04A-313520482A96}"
EndProject
Project("{FAE04EC0-301F-11D3-BF4B-00C04F79EFBC}") = "RPAK2L.Reporter", "RPAK2L.Reporter\RPAK2L.Reporter.csproj", "{A88A4666-C3F8-4A93-A52C-F95ED7E8376C}"
EndProject
Project("{FAE04EC0-301F-11D3-BF4B-00C04F79EFBC}") = "RPAK2L", "RPAK2L\RPAK2L.csproj", "{FAD54ABB-0EB9-43E3-B0CD-42D41478D7DC}"
EndProject
Project("{FAE04EC0-301F-11D3-BF4B-00C04F79EFBC}") = "RPAK2L.Common", "RPAK2L.Common\RPAK2L.Common.csproj", "{9A9D2383-D6F5-4C8A-8257-0A049DC4AD4D}"
EndProject
Project("{FAE04EC0-301F-11D3-BF4B-00C04F79EFBC}") = "RPAK2L.Updater", "RPAK2L.Updater\RPAK2L.Updater.csproj", "{6AFAAEFB-2807-416D-9A9B-5C5F24AAABFE}"
EndProject
Global
	GlobalSection(SolutionConfigurationPlatforms) = preSolution
		Debug|Any CPU = Debug|Any CPU
		Release|Any CPU = Release|Any CPU
		Win|win-x64 = Win|win-x64
	EndGlobalSection
	GlobalSection(ProjectConfigurationPlatforms) = postSolution
		{2D33542B-4D4F-49C7-A04A-313520482A96}.Debug|Any CPU.ActiveCfg = Extreme_Debug|x64
		{2D33542B-4D4F-49C7-A04A-313520482A96}.Debug|Any CPU.Build.0 = Extreme_Debug|x64
		{2D33542B-4D4F-49C7-A04A-313520482A96}.Release|Any CPU.ActiveCfg = Release|x64
		{2D33542B-4D4F-49C7-A04A-313520482A96}.Release|Any CPU.Build.0 = Release|x64
		{A88A4666-C3F8-4A93-A52C-F95ED7E8376C}.Debug|Any CPU.ActiveCfg = Debug|Any CPU
		{A88A4666-C3F8-4A93-A52C-F95ED7E8376C}.Debug|Any CPU.Build.0 = Debug|Any CPU
		{A88A4666-C3F8-4A93-A52C-F95ED7E8376C}.Release|Any CPU.ActiveCfg = Release|Any CPU
		{A88A4666-C3F8-4A93-A52C-F95ED7E8376C}.Release|Any CPU.Build.0 = Release|Any CPU
		{A88A4666-C3F8-4A93-A52C-F95ED7E8376C}.Win|win-x64.ActiveCfg = Debug|Any CPU
		{A88A4666-C3F8-4A93-A52C-F95ED7E8376C}.Win|win-x64.Build.0 = Debug|Any CPU
		{FAD54ABB-0EB9-43E3-B0CD-42D41478D7DC}.Debug|Any CPU.ActiveCfg = Debug|Any CPU
		{FAD54ABB-0EB9-43E3-B0CD-42D41478D7DC}.Debug|Any CPU.Build.0 = Debug|Any CPU
		{FAD54ABB-0EB9-43E3-B0CD-42D41478D7DC}.Release|Any CPU.ActiveCfg = Release|Any CPU
		{FAD54ABB-0EB9-43E3-B0CD-42D41478D7DC}.Release|Any CPU.Build.0 = Release|Any CPU
		{FAD54ABB-0EB9-43E3-B0CD-42D41478D7DC}.Win|win-x64.ActiveCfg = Debug|Any CPU
		{FAD54ABB-0EB9-43E3-B0CD-42D41478D7DC}.Win|win-x64.Build.0 = Debug|Any CPU
		{9A9D2383-D6F5-4C8A-8257-0A049DC4AD4D}.Debug|Any CPU.ActiveCfg = Debug|Any CPU
		{9A9D2383-D6F5-4C8A-8257-0A049DC4AD4D}.Debug|Any CPU.Build.0 = Debug|Any CPU
		{9A9D2383-D6F5-4C8A-8257-0A049DC4AD4D}.Release|Any CPU.ActiveCfg = Release|Any CPU
		{9A9D2383-D6F5-4C8A-8257-0A049DC4AD4D}.Release|Any CPU.Build.0 = Release|Any CPU
		{9A9D2383-D6F5-4C8A-8257-0A049DC4AD4D}.Win|win-x64.ActiveCfg = Debug|Any CPU
		{9A9D2383-D6F5-4C8A-8257-0A049DC4AD4D}.Win|win-x64.Build.0 = Debug|Any CPU
		{6AFAAEFB-2807-416D-9A9B-5C5F24AAABFE}.Debug|Any CPU.ActiveCfg = Debug|Any CPU
		{6AFAAEFB-2807-416D-9A9B-5C5F24AAABFE}.Debug|Any CPU.Build.0 = Debug|Any CPU
		{6AFAAEFB-2807-416D-9A9B-5C5F24AAABFE}.Release|Any CPU.ActiveCfg = Release|Any CPU
		{6AFAAEFB-2807-416D-9A9B-5C5F24AAABFE}.Release|Any CPU.Build.0 = Release|Any CPU
		{6AFAAEFB-2807-416D-9A9B-5C5F24AAABFE}.Win|win-x64.ActiveCfg = Debug|Any CPU
		{6AFAAEFB-2807-416D-9A9B-5C5F24AAABFE}.Win|win-x64.Build.0 = Debug|Any CPU
	EndGlobalSection
	GlobalSection(SolutionProperties) = preSolution
		HideSolutionNode = FALSE
	EndGlobalSection
	GlobalSection(ExtensibilityGlobals) = postSolution
		SolutionGuid = {AB6341D1-8DCD-417E-A348-C64B7666E64F}
	EndGlobalSection
EndGlobal
